// !$*UTF8*$!
{
	archiveVersion = 1;
	classes = {
	};
	objectVersion = 46;
	objects = {

/* Begin PBXBuildFile section */
		102713D91D4E716200C83E71 /* AppDelegate.swift in Sources */ = {isa = PBXBuildFile; fileRef = 102713D81D4E716200C83E71 /* AppDelegate.swift */; };
		102713DE1D4E716200C83E71 /* Main.storyboard in Resources */ = {isa = PBXBuildFile; fileRef = 102713DC1D4E716200C83E71 /* Main.storyboard */; };
		102713E01D4E716200C83E71 /* Assets.xcassets in Resources */ = {isa = PBXBuildFile; fileRef = 102713DF1D4E716200C83E71 /* Assets.xcassets */; };
		102713E31D4E716200C83E71 /* LaunchScreen.storyboard in Resources */ = {isa = PBXBuildFile; fileRef = 102713E11D4E716200C83E71 /* LaunchScreen.storyboard */; };
		102713FB1D4E755A00C83E71 /* RepoDetailViewController.swift in Sources */ = {isa = PBXBuildFile; fileRef = 102713FA1D4E755A00C83E71 /* RepoDetailViewController.swift */; };
		102713FD1D4E757100C83E71 /* IssueListViewController.swift in Sources */ = {isa = PBXBuildFile; fileRef = 102713FC1D4E757100C83E71 /* IssueListViewController.swift */; };
		102713FF1D4E758800C83E71 /* IssueDetailViewController.swift in Sources */ = {isa = PBXBuildFile; fileRef = 102713FE1D4E758800C83E71 /* IssueDetailViewController.swift */; };
		102714011D4E759E00C83E71 /* UserModelViewController.swift in Sources */ = {isa = PBXBuildFile; fileRef = 102714001D4E759E00C83E71 /* UserModelViewController.swift */; };
		102714041D4E76F900C83E71 /* GHRepository.swift in Sources */ = {isa = PBXBuildFile; fileRef = 102714031D4E76F900C83E71 /* GHRepository.swift */; };
		102714061D4E771200C83E71 /* GHIssue.swift in Sources */ = {isa = PBXBuildFile; fileRef = 102714051D4E771200C83E71 /* GHIssue.swift */; };
		102714131D4E7E9600C83E71 /* Constants.swift in Sources */ = {isa = PBXBuildFile; fileRef = 102714121D4E7E9600C83E71 /* Constants.swift */; };
		1064A2281D4FCA4E006D57ED /* extensions.swift in Sources */ = {isa = PBXBuildFile; fileRef = 1064A2271D4FCA4E006D57ED /* extensions.swift */; };
		106E3AA81D4F5E43000B9FD4 /* IssueListCell.swift in Sources */ = {isa = PBXBuildFile; fileRef = 106E3AA71D4F5E43000B9FD4 /* IssueListCell.swift */; };
		108132601D4E996A00160ECD /* ReadMeCell.swift in Sources */ = {isa = PBXBuildFile; fileRef = 1081325F1D4E996A00160ECD /* ReadMeCell.swift */; };
		1089E94E1D4FC0A800A0F04A /* IssueDetailCell.swift in Sources */ = {isa = PBXBuildFile; fileRef = 1089E94D1D4FC0A800A0F04A /* IssueDetailCell.swift */; };
		1093A0111D4EA4F30041AEFC /* MarkDownTextView.swift in Sources */ = {isa = PBXBuildFile; fileRef = 1093A0101D4EA4F30041AEFC /* MarkDownTextView.swift */; };
		1093A0131D4EA5310041AEFC /* Markdown.swift in Sources */ = {isa = PBXBuildFile; fileRef = 1093A0121D4EA5310041AEFC /* Markdown.swift */; };
		AA2299C4135580BEEEA32A7C /* Pods_GitHubAPIDemo.framework in Frameworks */ = {isa = PBXBuildFile; fileRef = 4BB79D2D2A07D4CC029C9FCA /* Pods_GitHubAPIDemo.framework */; };
/* End PBXBuildFile section */

/* Begin PBXContainerItemProxy section */
		1027140E1D4E782A00C83E71 /* PBXContainerItemProxy */ = {
			isa = PBXContainerItemProxy;
			containerPortal = 102714091D4E782A00C83E71 /* Pods.xcodeproj */;
			proxyType = 2;
			remoteGlobalIDString = EC6784493CA944FA31CB03E430DF703E;
			remoteInfo = Alamofire;
		};
		102714101D4E782A00C83E71 /* PBXContainerItemProxy */ = {
			isa = PBXContainerItemProxy;
			containerPortal = 102714091D4E782A00C83E71 /* Pods.xcodeproj */;
			proxyType = 2;
			remoteGlobalIDString = 155624ACD28E82979554AEB7D68B568A;
			remoteInfo = "Pods-GitHubAPIDemo";
		};
		102714181D4E853E00C83E71 /* PBXContainerItemProxy */ = {
			isa = PBXContainerItemProxy;
			containerPortal = 102714091D4E782A00C83E71 /* Pods.xcodeproj */;
			proxyType = 2;
			remoteGlobalIDString = F4F92ED3D4C1DBED003147723519E48C;
			remoteInfo = ReachabilitySwift;
		};
		1089E9531D4FC0A800A0F04A /* PBXContainerItemProxy */ = {
			isa = PBXContainerItemProxy;
			containerPortal = 102714091D4E782A00C83E71 /* Pods.xcodeproj */;
			proxyType = 2;
			remoteGlobalIDString = 2472C6FF6E22E75CCFBC70A97F3194E9;
			remoteInfo = AlamofireImage;
		};
/* End PBXContainerItemProxy section */

/* Begin PBXFileReference section */
		102713D51D4E716200C83E71 /* GitHubAPIDemo.app */ = {isa = PBXFileReference; explicitFileType = wrapper.application; includeInIndex = 0; path = GitHubAPIDemo.app; sourceTree = BUILT_PRODUCTS_DIR; };
		102713D81D4E716200C83E71 /* AppDelegate.swift */ = {isa = PBXFileReference; lastKnownFileType = sourcecode.swift; path = AppDelegate.swift; sourceTree = "<group>"; };
		102713DD1D4E716200C83E71 /* Base */ = {isa = PBXFileReference; lastKnownFileType = file.storyboard; name = Base; path = Base.lproj/Main.storyboard; sourceTree = "<group>"; };
		102713DF1D4E716200C83E71 /* Assets.xcassets */ = {isa = PBXFileReference; lastKnownFileType = folder.assetcatalog; path = Assets.xcassets; sourceTree = "<group>"; };
		102713E21D4E716200C83E71 /* Base */ = {isa = PBXFileReference; lastKnownFileType = file.storyboard; name = Base; path = Base.lproj/LaunchScreen.storyboard; sourceTree = "<group>"; };
		102713E41D4E716200C83E71 /* Info.plist */ = {isa = PBXFileReference; lastKnownFileType = text.plist.xml; path = Info.plist; sourceTree = "<group>"; };
		102713FA1D4E755A00C83E71 /* RepoDetailViewController.swift */ = {isa = PBXFileReference; fileEncoding = 4; lastKnownFileType = sourcecode.swift; path = RepoDetailViewController.swift; sourceTree = "<group>"; };
		102713FC1D4E757100C83E71 /* IssueListViewController.swift */ = {isa = PBXFileReference; fileEncoding = 4; lastKnownFileType = sourcecode.swift; path = IssueListViewController.swift; sourceTree = "<group>"; };
		102713FE1D4E758800C83E71 /* IssueDetailViewController.swift */ = {isa = PBXFileReference; fileEncoding = 4; lastKnownFileType = sourcecode.swift; path = IssueDetailViewController.swift; sourceTree = "<group>"; };
		102714001D4E759E00C83E71 /* UserModelViewController.swift */ = {isa = PBXFileReference; fileEncoding = 4; lastKnownFileType = sourcecode.swift; path = UserModelViewController.swift; sourceTree = "<group>"; };
		102714031D4E76F900C83E71 /* GHRepository.swift */ = {isa = PBXFileReference; fileEncoding = 4; lastKnownFileType = sourcecode.swift; path = GHRepository.swift; sourceTree = "<group>"; };
		102714051D4E771200C83E71 /* GHIssue.swift */ = {isa = PBXFileReference; fileEncoding = 4; lastKnownFileType = sourcecode.swift; path = GHIssue.swift; sourceTree = "<group>"; };
		102714091D4E782A00C83E71 /* Pods.xcodeproj */ = {isa = PBXFileReference; lastKnownFileType = "wrapper.pb-project"; name = Pods.xcodeproj; path = Pods/Pods.xcodeproj; sourceTree = "<group>"; };
		102714121D4E7E9600C83E71 /* Constants.swift */ = {isa = PBXFileReference; fileEncoding = 4; lastKnownFileType = sourcecode.swift; path = Constants.swift; sourceTree = "<group>"; };
		1064A2271D4FCA4E006D57ED /* extensions.swift */ = {isa = PBXFileReference; fileEncoding = 4; lastKnownFileType = sourcecode.swift; path = extensions.swift; sourceTree = "<group>"; };
		106E3AA71D4F5E43000B9FD4 /* IssueListCell.swift */ = {isa = PBXFileReference; fileEncoding = 4; lastKnownFileType = sourcecode.swift; path = IssueListCell.swift; sourceTree = "<group>"; };
		1081325F1D4E996A00160ECD /* ReadMeCell.swift */ = {isa = PBXFileReference; fileEncoding = 4; lastKnownFileType = sourcecode.swift; path = ReadMeCell.swift; sourceTree = "<group>"; };
		1089E94D1D4FC0A800A0F04A /* IssueDetailCell.swift */ = {isa = PBXFileReference; fileEncoding = 4; lastKnownFileType = sourcecode.swift; path = IssueDetailCell.swift; sourceTree = "<group>"; };
		1093A0101D4EA4F30041AEFC /* MarkDownTextView.swift */ = {isa = PBXFileReference; fileEncoding = 4; lastKnownFileType = sourcecode.swift; path = MarkDownTextView.swift; sourceTree = "<group>"; };
		1093A0121D4EA5310041AEFC /* Markdown.swift */ = {isa = PBXFileReference; fileEncoding = 4; lastKnownFileType = sourcecode.swift; path = Markdown.swift; sourceTree = "<group>"; };
		4BB79D2D2A07D4CC029C9FCA /* Pods_GitHubAPIDemo.framework */ = {isa = PBXFileReference; explicitFileType = wrapper.framework; includeInIndex = 0; path = Pods_GitHubAPIDemo.framework; sourceTree = BUILT_PRODUCTS_DIR; };
		B69FCB7CD52F957F4029EC19 /* Pods-GitHubAPIDemo.debug.xcconfig */ = {isa = PBXFileReference; includeInIndex = 1; lastKnownFileType = text.xcconfig; name = "Pods-GitHubAPIDemo.debug.xcconfig"; path = "Pods/Target Support Files/Pods-GitHubAPIDemo/Pods-GitHubAPIDemo.debug.xcconfig"; sourceTree = "<group>"; };
		E573250B4C18782A834E7C0D /* Pods-GitHubAPIDemo.release.xcconfig */ = {isa = PBXFileReference; includeInIndex = 1; lastKnownFileType = text.xcconfig; name = "Pods-GitHubAPIDemo.release.xcconfig"; path = "Pods/Target Support Files/Pods-GitHubAPIDemo/Pods-GitHubAPIDemo.release.xcconfig"; sourceTree = "<group>"; };
/* End PBXFileReference section */

/* Begin PBXFrameworksBuildPhase section */
		102713D21D4E716200C83E71 /* Frameworks */ = {
			isa = PBXFrameworksBuildPhase;
			buildActionMask = 2147483647;
			files = (
				AA2299C4135580BEEEA32A7C /* Pods_GitHubAPIDemo.framework in Frameworks */,
			);
			runOnlyForDeploymentPostprocessing = 0;
		};
/* End PBXFrameworksBuildPhase section */

/* Begin PBXGroup section */
		102713CC1D4E716200C83E71 = {
			isa = PBXGroup;
			children = (
				102714091D4E782A00C83E71 /* Pods.xcodeproj */,
				102713D71D4E716200C83E71 /* GitHubAPIDemo */,
				102713D61D4E716200C83E71 /* Products */,
				7F51DAB9EF85730A65FB4802 /* Pods */,
				4408DD27303386CFBFFB2683 /* Frameworks */,
			);
			sourceTree = "<group>";
		};
		102713D61D4E716200C83E71 /* Products */ = {
			isa = PBXGroup;
			children = (
				102713D51D4E716200C83E71 /* GitHubAPIDemo.app */,
			);
			name = Products;
			sourceTree = "<group>";
		};
		102713D71D4E716200C83E71 /* GitHubAPIDemo */ = {
			isa = PBXGroup;
			children = (
				1093A00C1D4EA4D60041AEFC /* Helpers */,
				102714121D4E7E9600C83E71 /* Constants.swift */,
				102713D81D4E716200C83E71 /* AppDelegate.swift */,
				102714021D4E76C200C83E71 /* API */,
				102713ED1D4E738E00C83E71 /* Controllers */,
				1081325B1D4E993E00160ECD /* Cells */,
				102713DC1D4E716200C83E71 /* Main.storyboard */,
				102713DF1D4E716200C83E71 /* Assets.xcassets */,
				102713E11D4E716200C83E71 /* LaunchScreen.storyboard */,
				102713E41D4E716200C83E71 /* Info.plist */,
			);
			path = GitHubAPIDemo;
			sourceTree = "<group>";
		};
		102713ED1D4E738E00C83E71 /* Controllers */ = {
			isa = PBXGroup;
			children = (
				102713FA1D4E755A00C83E71 /* RepoDetailViewController.swift */,
				102713FC1D4E757100C83E71 /* IssueListViewController.swift */,
				102713FE1D4E758800C83E71 /* IssueDetailViewController.swift */,
				102714001D4E759E00C83E71 /* UserModelViewController.swift */,
			);
			path = Controllers;
			sourceTree = "<group>";
		};
		102714021D4E76C200C83E71 /* API */ = {
			isa = PBXGroup;
			children = (
				102714031D4E76F900C83E71 /* GHRepository.swift */,
				102714051D4E771200C83E71 /* GHIssue.swift */,
			);
			name = API;
			path = NetworkAPI;
			sourceTree = "<group>";
		};
		1027140A1D4E782A00C83E71 /* Products */ = {
			isa = PBXGroup;
			children = (
				1027140F1D4E782A00C83E71 /* Alamofire.framework */,
				1089E9541D4FC0A800A0F04A /* AlamofireImage.framework */,
				102714111D4E782A00C83E71 /* Pods_GitHubAPIDemo.framework */,
				102714191D4E853E00C83E71 /* ReachabilitySwift.framework */,
			);
			name = Products;
			sourceTree = "<group>";
		};
		1081325B1D4E993E00160ECD /* Cells */ = {
			isa = PBXGroup;
			children = (
				1081325F1D4E996A00160ECD /* ReadMeCell.swift */,
				106E3AA71D4F5E43000B9FD4 /* IssueListCell.swift */,
				1089E94D1D4FC0A800A0F04A /* IssueDetailCell.swift */,
			);
			path = Cells;
			sourceTree = "<group>";
		};
		1093A00C1D4EA4D60041AEFC /* Helpers */ = {
			isa = PBXGroup;
			children = (
				1093A0121D4EA5310041AEFC /* Markdown.swift */,
				1093A0101D4EA4F30041AEFC /* MarkDownTextView.swift */,
				1064A2271D4FCA4E006D57ED /* extensions.swift */,
			);
			path = Helpers;
			sourceTree = "<group>";
		};
		4408DD27303386CFBFFB2683 /* Frameworks */ = {
			isa = PBXGroup;
			children = (
				4BB79D2D2A07D4CC029C9FCA /* Pods_GitHubAPIDemo.framework */,
			);
			name = Frameworks;
			sourceTree = "<group>";
		};
		7F51DAB9EF85730A65FB4802 /* Pods */ = {
			isa = PBXGroup;
			children = (
				B69FCB7CD52F957F4029EC19 /* Pods-GitHubAPIDemo.debug.xcconfig */,
				E573250B4C18782A834E7C0D /* Pods-GitHubAPIDemo.release.xcconfig */,
			);
			name = Pods;
			sourceTree = "<group>";
		};
/* End PBXGroup section */

/* Begin PBXNativeTarget section */
		102713D41D4E716200C83E71 /* GitHubAPIDemo */ = {
			isa = PBXNativeTarget;
			buildConfigurationList = 102713E71D4E716200C83E71 /* Build configuration list for PBXNativeTarget "GitHubAPIDemo" */;
			buildPhases = (
				05696628858BCDD1542583BB /* [CP] Check Pods Manifest.lock */,
				102713D11D4E716200C83E71 /* Sources */,
				102713D21D4E716200C83E71 /* Frameworks */,
				102713D31D4E716200C83E71 /* Resources */,
				406BD2B298580CE5E62C9972 /* [CP] Embed Pods Frameworks */,
				71DC75400935C23FDFCB6EF0 /* [CP] Copy Pods Resources */,
			);
			buildRules = (
			);
			dependencies = (
			);
			name = GitHubAPIDemo;
			productName = GitHubAPIDemo;
			productReference = 102713D51D4E716200C83E71 /* GitHubAPIDemo.app */;
			productType = "com.apple.product-type.application";
		};
/* End PBXNativeTarget section */

/* Begin PBXProject section */
		102713CD1D4E716200C83E71 /* Project object */ = {
			isa = PBXProject;
			attributes = {
				LastSwiftUpdateCheck = 0730;
				LastUpgradeCheck = 0730;
				ORGANIZATIONNAME = "patel.nignesh2108@gmail.com";
				TargetAttributes = {
					102713D41D4E716200C83E71 = {
						CreatedOnToolsVersion = 7.3.1;
					};
				};
			};
			buildConfigurationList = 102713D01D4E716200C83E71 /* Build configuration list for PBXProject "GitHubAPIDemo" */;
			compatibilityVersion = "Xcode 3.2";
			developmentRegion = English;
			hasScannedForEncodings = 0;
			knownRegions = (
				en,
				Base,
			);
			mainGroup = 102713CC1D4E716200C83E71;
			productRefGroup = 102713D61D4E716200C83E71 /* Products */;
			projectDirPath = "";
			projectReferences = (
				{
					ProductGroup = 1027140A1D4E782A00C83E71 /* Products */;
					ProjectRef = 102714091D4E782A00C83E71 /* Pods.xcodeproj */;
				},
			);
			projectRoot = "";
			targets = (
				102713D41D4E716200C83E71 /* GitHubAPIDemo */,
			);
		};
/* End PBXProject section */

/* Begin PBXReferenceProxy section */
		1027140F1D4E782A00C83E71 /* Alamofire.framework */ = {
			isa = PBXReferenceProxy;
			fileType = wrapper.framework;
			path = Alamofire.framework;
			remoteRef = 1027140E1D4E782A00C83E71 /* PBXContainerItemProxy */;
			sourceTree = BUILT_PRODUCTS_DIR;
		};
		102714111D4E782A00C83E71 /* Pods_GitHubAPIDemo.framework */ = {
			isa = PBXReferenceProxy;
			fileType = wrapper.framework;
			path = Pods_GitHubAPIDemo.framework;
			remoteRef = 102714101D4E782A00C83E71 /* PBXContainerItemProxy */;
			sourceTree = BUILT_PRODUCTS_DIR;
		};
		102714191D4E853E00C83E71 /* ReachabilitySwift.framework */ = {
			isa = PBXReferenceProxy;
			fileType = wrapper.framework;
			path = ReachabilitySwift.framework;
			remoteRef = 102714181D4E853E00C83E71 /* PBXContainerItemProxy */;
			sourceTree = BUILT_PRODUCTS_DIR;
		};
		1089E9541D4FC0A800A0F04A /* AlamofireImage.framework */ = {
			isa = PBXReferenceProxy;
			fileType = wrapper.framework;
			path = AlamofireImage.framework;
			remoteRef = 1089E9531D4FC0A800A0F04A /* PBXContainerItemProxy */;
			sourceTree = BUILT_PRODUCTS_DIR;
		};
/* End PBXReferenceProxy section */

/* Begin PBXResourcesBuildPhase section */
		102713D31D4E716200C83E71 /* Resources */ = {
			isa = PBXResourcesBuildPhase;
			buildActionMask = 2147483647;
			files = (
				102713E31D4E716200C83E71 /* LaunchScreen.storyboard in Resources */,
				102713E01D4E716200C83E71 /* Assets.xcassets in Resources */,
				102713DE1D4E716200C83E71 /* Main.storyboard in Resources */,
			);
			runOnlyForDeploymentPostprocessing = 0;
		};
/* End PBXResourcesBuildPhase section */

/* Begin PBXShellScriptBuildPhase section */
		05696628858BCDD1542583BB /* [CP] Check Pods Manifest.lock */ = {
			isa = PBXShellScriptBuildPhase;
			buildActionMask = 2147483647;
			files = (
			);
			inputPaths = (
			);
			name = "[CP] Check Pods Manifest.lock";
			outputPaths = (
			);
			runOnlyForDeploymentPostprocessing = 0;
			shellPath = /bin/sh;
			shellScript = "diff \"${PODS_ROOT}/../Podfile.lock\" \"${PODS_ROOT}/Manifest.lock\" > /dev/null\nif [[ $? != 0 ]] ; then\n    cat << EOM\nerror: The sandbox is not in sync with the Podfile.lock. Run 'pod install' or update your CocoaPods installation.\nEOM\n    exit 1\nfi\n";
			showEnvVarsInLog = 0;
		};
		406BD2B298580CE5E62C9972 /* [CP] Embed Pods Frameworks */ = {
			isa = PBXShellScriptBuildPhase;
			buildActionMask = 2147483647;
			files = (
			);
			inputPaths = (
			);
			name = "[CP] Embed Pods Frameworks";
			outputPaths = (
			);
			runOnlyForDeploymentPostprocessing = 0;
			shellPath = /bin/sh;
			shellScript = "\"${SRCROOT}/Pods/Target Support Files/Pods-GitHubAPIDemo/Pods-GitHubAPIDemo-frameworks.sh\"\n";
			showEnvVarsInLog = 0;
		};
		71DC75400935C23FDFCB6EF0 /* [CP] Copy Pods Resources */ = {
			isa = PBXShellScriptBuildPhase;
			buildActionMask = 2147483647;
			files = (
			);
			inputPaths = (
			);
			name = "[CP] Copy Pods Resources";
			outputPaths = (
			);
			runOnlyForDeploymentPostprocessing = 0;
			shellPath = /bin/sh;
			shellScript = "\"${SRCROOT}/Pods/Target Support Files/Pods-GitHubAPIDemo/Pods-GitHubAPIDemo-resources.sh\"\n";
			showEnvVarsInLog = 0;
		};
/* End PBXShellScriptBuildPhase section */

/* Begin PBXSourcesBuildPhase section */
		102713D11D4E716200C83E71 /* Sources */ = {
			isa = PBXSourcesBuildPhase;
			buildActionMask = 2147483647;
			files = (
				1093A0131D4EA5310041AEFC /* Markdown.swift in Sources */,
				102714061D4E771200C83E71 /* GHIssue.swift in Sources */,
				1089E94E1D4FC0A800A0F04A /* IssueDetailCell.swift in Sources */,
				102713FF1D4E758800C83E71 /* IssueDetailViewController.swift in Sources */,
				1064A2281D4FCA4E006D57ED /* extensions.swift in Sources */,
				102713FD1D4E757100C83E71 /* IssueListViewController.swift in Sources */,
				102714131D4E7E9600C83E71 /* Constants.swift in Sources */,
				102713D91D4E716200C83E71 /* AppDelegate.swift in Sources */,
				102714041D4E76F900C83E71 /* GHRepository.swift in Sources */,
				1093A0111D4EA4F30041AEFC /* MarkDownTextView.swift in Sources */,
				102713FB1D4E755A00C83E71 /* RepoDetailViewController.swift in Sources */,
				106E3AA81D4F5E43000B9FD4 /* IssueListCell.swift in Sources */,
				102714011D4E759E00C83E71 /* UserModelViewController.swift in Sources */,
				108132601D4E996A00160ECD /* ReadMeCell.swift in Sources */,
			);
			runOnlyForDeploymentPostprocessing = 0;
		};
/* End PBXSourcesBuildPhase section */

/* Begin PBXVariantGroup section */
		102713DC1D4E716200C83E71 /* Main.storyboard */ = {
			isa = PBXVariantGroup;
			children = (
				102713DD1D4E716200C83E71 /* Base */,
			);
			name = Main.storyboard;
			sourceTree = "<group>";
		};
		102713E11D4E716200C83E71 /* LaunchScreen.storyboard */ = {
			isa = PBXVariantGroup;
			children = (
				102713E21D4E716200C83E71 /* Base */,
			);
			name = LaunchScreen.storyboard;
			sourceTree = "<group>";
		};
/* End PBXVariantGroup section */

/* Begin XCBuildConfiguration section */
		102713E51D4E716200C83E71 /* Debug */ = {
			isa = XCBuildConfiguration;
			buildSettings = {
				ALWAYS_SEARCH_USER_PATHS = NO;
				CLANG_ANALYZER_NONNULL = YES;
				CLANG_CXX_LANGUAGE_STANDARD = "gnu++0x";
				CLANG_CXX_LIBRARY = "libc++";
				CLANG_ENABLE_MODULES = YES;
				CLANG_ENABLE_OBJC_ARC = YES;
				CLANG_WARN_BOOL_CONVERSION = YES;
				CLANG_WARN_CONSTANT_CONVERSION = YES;
				CLANG_WARN_DIRECT_OBJC_ISA_USAGE = YES_ERROR;
				CLANG_WARN_EMPTY_BODY = YES;
				CLANG_WARN_ENUM_CONVERSION = YES;
				CLANG_WARN_INT_CONVERSION = YES;
				CLANG_WARN_OBJC_ROOT_CLASS = YES_ERROR;
				CLANG_WARN_UNREACHABLE_CODE = YES;
				CLANG_WARN__DUPLICATE_METHOD_MATCH = YES;
				"CODE_SIGN_IDENTITY[sdk=iphoneos*]" = "iPhone Developer";
				COPY_PHASE_STRIP = NO;
				DEBUG_INFORMATION_FORMAT = dwarf;
				ENABLE_STRICT_OBJC_MSGSEND = YES;
				ENABLE_TESTABILITY = YES;
				GCC_C_LANGUAGE_STANDARD = gnu99;
				GCC_DYNAMIC_NO_PIC = NO;
				GCC_NO_COMMON_BLOCKS = YES;
				GCC_OPTIMIZATION_LEVEL = 0;
				GCC_PREPROCESSOR_DEFINITIONS = (
					"DEBUG=1",
					"$(inherited)",
				);
				GCC_WARN_64_TO_32_BIT_CONVERSION = YES;
				GCC_WARN_ABOUT_RETURN_TYPE = YES_ERROR;
				GCC_WARN_UNDECLARED_SELECTOR = YES;
				GCC_WARN_UNINITIALIZED_AUTOS = YES_AGGRESSIVE;
				GCC_WARN_UNUSED_FUNCTION = YES;
				GCC_WARN_UNUSED_VARIABLE = YES;
				IPHONEOS_DEPLOYMENT_TARGET = 9.3;
				MTL_ENABLE_DEBUG_INFO = YES;
				ONLY_ACTIVE_ARCH = YES;
				OTHER_SWIFT_FLAGS = "-D DEBUG1";
				SDKROOT = iphoneos;
				SWIFT_OPTIMIZATION_LEVEL = "-Onone";
				TARGETED_DEVICE_FAMILY = 2;
			};
			name = Debug;
		};
		102713E61D4E716200C83E71 /* Release */ = {
			isa = XCBuildConfiguration;
			buildSettings = {
				ALWAYS_SEARCH_USER_PATHS = NO;
				CLANG_ANALYZER_NONNULL = YES;
				CLANG_CXX_LANGUAGE_STANDARD = "gnu++0x";
				CLANG_CXX_LIBRARY = "libc++";
				CLANG_ENABLE_MODULES = YES;
				CLANG_ENABLE_OBJC_ARC = YES;
				CLANG_WARN_BOOL_CONVERSION = YES;
				CLANG_WARN_CONSTANT_CONVERSION = YES;
				CLANG_WARN_DIRECT_OBJC_ISA_USAGE = YES_ERROR;
				CLANG_WARN_EMPTY_BODY = YES;
				CLANG_WARN_ENUM_CONVERSION = YES;
				CLANG_WARN_INT_CONVERSION = YES;
				CLANG_WARN_OBJC_ROOT_CLASS = YES_ERROR;
				CLANG_WARN_UNREACHABLE_CODE = YES;
				CLANG_WARN__DUPLICATE_METHOD_MATCH = YES;
				"CODE_SIGN_IDENTITY[sdk=iphoneos*]" = "iPhone Developer";
				COPY_PHASE_STRIP = NO;
				DEBUG_INFORMATION_FORMAT = "dwarf-with-dsym";
				ENABLE_NS_ASSERTIONS = NO;
				ENABLE_STRICT_OBJC_MSGSEND = YES;
				GCC_C_LANGUAGE_STANDARD = gnu99;
				GCC_NO_COMMON_BLOCKS = YES;
				GCC_WARN_64_TO_32_BIT_CONVERSION = YES;
				GCC_WARN_ABOUT_RETURN_TYPE = YES_ERROR;
				GCC_WARN_UNDECLARED_SELECTOR = YES;
				GCC_WARN_UNINITIALIZED_AUTOS = YES_AGGRESSIVE;
				GCC_WARN_UNUSED_FUNCTION = YES;
				GCC_WARN_UNUSED_VARIABLE = YES;
				IPHONEOS_DEPLOYMENT_TARGET = 9.3;
				MTL_ENABLE_DEBUG_INFO = NO;
				OTHER_SWIFT_FLAGS = "-D DEBUG1";
				SDKROOT = iphoneos;
				TARGETED_DEVICE_FAMILY = 2;
				VALIDATE_PRODUCT = YES;
			};
			name = Release;
		};
		102713E81D4E716200C83E71 /* Debug */ = {
			isa = XCBuildConfiguration;
			baseConfigurationReference = B69FCB7CD52F957F4029EC19 /* Pods-GitHubAPIDemo.debug.xcconfig */;
			buildSettings = {
				ASSETCATALOG_COMPILER_APPICON_NAME = AppIcon;
				INFOPLIST_FILE = GitHubAPIDemo/Info.plist;
				LD_RUNPATH_SEARCH_PATHS = "$(inherited) @executable_path/Frameworks";
				PRODUCT_BUNDLE_IDENTIFIER = "com.patel.nignesh2108-gmail.com.GitHubAPIDemo";
				PRODUCT_NAME = "$(TARGET_NAME)";
			};
			name = Debug;
		};
		102713E91D4E716200C83E71 /* Release */ = {
			isa = XCBuildConfiguration;
			baseConfigurationReference = E573250B4C18782A834E7C0D /* Pods-GitHubAPIDemo.release.xcconfig */;
			buildSettings = {
				ASSETCATALOG_COMPILER_APPICON_NAME = AppIcon;
				INFOPLIST_FILE = GitHubAPIDemo/Info.plist;
				LD_RUNPATH_SEARCH_PATHS = "$(inherited) @executable_path/Frameworks";
				PRODUCT_BUNDLE_IDENTIFIER = "com.patel.nignesh2108-gmail.com.GitHubAPIDemo";
				PRODUCT_NAME = "$(TARGET_NAME)";
			};
			name = Release;
		};
/* End XCBuildConfiguration section */

/* Begin XCConfigurationList section */
		102713D01D4E716200C83E71 /* Build configuration list for PBXProject "GitHubAPIDemo" */ = {
			isa = XCConfigurationList;
			buildConfigurations = (
				102713E51D4E716200C83E71 /* Debug */,
				102713E61D4E716200C83E71 /* Release */,
			);
			defaultConfigurationIsVisible = 0;
			defaultConfigurationName = Release;
		};
		102713E71D4E716200C83E71 /* Build configuration list for PBXNativeTarget "GitHubAPIDemo" */ = {
			isa = XCConfigurationList;
			buildConfigurations = (
				102713E81D4E716200C83E71 /* Debug */,
				102713E91D4E716200C83E71 /* Release */,
			);
			defaultConfigurationIsVisible = 0;
			defaultConfigurationName = Release;
		};
/* End XCConfigurationList section */
	};
	rootObject = 102713CD1D4E716200C83E71 /* Project object */;
}
